
Microsoft Visual Studio Solution File, Format Version 12.00
# Visual Studio Version 17
VisualStudioVersion = 17.14.36518.9 d17.14
MinimumVisualStudioVersion = 10.0.40219.1
Project("{FAE04EC0-301F-11D3-BF4B-00C04F79EFBC}") = "GesCom", "GesCom\GesCom.csproj", "{A1218CAE-5C0A-4FB8-AC45-3997BE18EB4A}"
EndProject
Global
	GlobalSection(SolutionConfigurationPlatforms) = preSolution
		Debug|Any CPU = Debug|Any CPU
		Release|Any CPU = Release|Any CPU
	EndGlobalSection
	GlobalSection(ProjectConfigurationPlatforms) = postSolution
		{A1218CAE-5C0A-4FB8-AC45-3997BE18EB4A}.Debug|Any CPU.ActiveCfg = Debug|Any CPU
		{A1218CAE-5C0A-4FB8-AC45-3997BE18EB4A}.Debug|Any CPU.Build.0 = Debug|Any CPU
		{A1218CAE-5C0A-4FB8-AC45-3997BE18EB4A}.Release|Any CPU.ActiveCfg = Release|Any CPU
		{A1218CAE-5C0A-4FB8-AC45-3997BE18EB4A}.Release|Any CPU.Build.0 = Release|Any CPU
	EndGlobalSection
	GlobalSection(SolutionProperties) = preSolution
		HideSolutionNode = FALSE
	EndGlobalSection
	GlobalSection(ExtensibilityGlobals) = postSolution
		SolutionGuid = {55D3ADF8-AFA9-4BB5-A9FB-3B664CFEFCBA}
	EndGlobalSection
EndGlobal
